{
    "_meta": {
        "hash": {
            "sha256": "c3d45c7f1329883ea5d0cbbe478992de7452e5d5bfc74cfc02c850b3a607e842"
        },
        "pipfile-spec": 6,
        "requires": {
            "python_version": "3.6"
        },
        "sources": [
            {
                "name": "pypi",
                "url": "https://pypi.python.org/simple",
                "verify_ssl": true
            }
        ]
    },
    "default": {
        "pyinotify": {
            "hashes": [
                "sha256:9c998a5d7606ca835065cdabc013ae6c66eb9ea76a00a1e3bc6e0cfe2b4f71f4"
            ],
            "index": "pypi",
            "version": "==0.9.6"
        }
    },
    "develop": {}
}
